// !$*UTF8*$!
{
	archiveVersion = 1;
	classes = {
	};
	objectVersion = 50;
	objects = {

/* Begin PBXBuildFile section */
		B10C25A625A57034007ED6E0 /* AppDelegate.swift in Sources */ = {isa = PBXBuildFile; fileRef = B10C25A525A57034007ED6E0 /* AppDelegate.swift */; };
		B10C25A825A57034007ED6E0 /* ViewController.swift in Sources */ = {isa = PBXBuildFile; fileRef = B10C25A725A57034007ED6E0 /* ViewController.swift */; };
		B10C25AA25A57037007ED6E0 /* Assets.xcassets in Resources */ = {isa = PBXBuildFile; fileRef = B10C25A925A57037007ED6E0 /* Assets.xcassets */; };
		B10C25AD25A57037007ED6E0 /* Main.storyboard in Resources */ = {isa = PBXBuildFile; fileRef = B10C25AB25A57037007ED6E0 /* Main.storyboard */; };
		B10C25B925A57037007ED6E0 /* Omni_MouseTests.swift in Sources */ = {isa = PBXBuildFile; fileRef = B10C25B825A57037007ED6E0 /* Omni_MouseTests.swift */; };
		B10C25C425A57037007ED6E0 /* Omni_MouseUITests.swift in Sources */ = {isa = PBXBuildFile; fileRef = B10C25C325A57037007ED6E0 /* Omni_MouseUITests.swift */; };
/* End PBXBuildFile section */

/* Begin PBXContainerItemProxy section */
		B10C25B525A57037007ED6E0 /* PBXContainerItemProxy */ = {
			isa = PBXContainerItemProxy;
			containerPortal = B10C259A25A57034007ED6E0 /* Project object */;
			proxyType = 1;
			remoteGlobalIDString = B10C25A125A57034007ED6E0;
			remoteInfo = "Omni Mouse";
		};
		B10C25C025A57037007ED6E0 /* PBXContainerItemProxy */ = {
			isa = PBXContainerItemProxy;
			containerPortal = B10C259A25A57034007ED6E0 /* Project object */;
			proxyType = 1;
			remoteGlobalIDString = B10C25A125A57034007ED6E0;
			remoteInfo = "Omni Mouse";
		};
/* End PBXContainerItemProxy section */

/* Begin PBXFileReference section */
		B10C25A225A57034007ED6E0 /* Omni Mouse.app */ = {isa = PBXFileReference; explicitFileType = wrapper.application; includeInIndex = 0; path = "Omni Mouse.app"; sourceTree = BUILT_PRODUCTS_DIR; };
		B10C25A525A57034007ED6E0 /* AppDelegate.swift */ = {isa = PBXFileReference; lastKnownFileType = sourcecode.swift; path = AppDelegate.swift; sourceTree = "<group>"; };
		B10C25A725A57034007ED6E0 /* ViewController.swift */ = {isa = PBXFileReference; lastKnownFileType = sourcecode.swift; path = ViewController.swift; sourceTree = "<group>"; };
		B10C25A925A57037007ED6E0 /* Assets.xcassets */ = {isa = PBXFileReference; lastKnownFileType = folder.assetcatalog; path = Assets.xcassets; sourceTree = "<group>"; };
		B10C25AC25A57037007ED6E0 /* Base */ = {isa = PBXFileReference; lastKnownFileType = file.storyboard; name = Base; path = Base.lproj/Main.storyboard; sourceTree = "<group>"; };
		B10C25AE25A57037007ED6E0 /* Info.plist */ = {isa = PBXFileReference; lastKnownFileType = text.plist.xml; path = Info.plist; sourceTree = "<group>"; };
		B10C25AF25A57037007ED6E0 /* Omni_Mouse.entitlements */ = {isa = PBXFileReference; lastKnownFileType = text.plist.entitlements; path = Omni_Mouse.entitlements; sourceTree = "<group>"; };
		B10C25B425A57037007ED6E0 /* Omni MouseTests.xctest */ = {isa = PBXFileReference; explicitFileType = wrapper.cfbundle; includeInIndex = 0; path = "Omni MouseTests.xctest"; sourceTree = BUILT_PRODUCTS_DIR; };
		B10C25B825A57037007ED6E0 /* Omni_MouseTests.swift */ = {isa = PBXFileReference; lastKnownFileType = sourcecode.swift; path = Omni_MouseTests.swift; sourceTree = "<group>"; };
		B10C25BA25A57037007ED6E0 /* Info.plist */ = {isa = PBXFileReference; lastKnownFileType = text.plist.xml; path = Info.plist; sourceTree = "<group>"; };
		B10C25BF25A57037007ED6E0 /* Omni MouseUITests.xctest */ = {isa = PBXFileReference; explicitFileType = wrapper.cfbundle; includeInIndex = 0; path = "Omni MouseUITests.xctest"; sourceTree = BUILT_PRODUCTS_DIR; };
		B10C25C325A57037007ED6E0 /* Omni_MouseUITests.swift */ = {isa = PBXFileReference; lastKnownFileType = sourcecode.swift; path = Omni_MouseUITests.swift; sourceTree = "<group>"; };
		B10C25C525A57037007ED6E0 /* Info.plist */ = {isa = PBXFileReference; lastKnownFileType = text.plist.xml; path = Info.plist; sourceTree = "<group>"; };
/* End PBXFileReference section */

/* Begin PBXFrameworksBuildPhase section */
		B10C259F25A57034007ED6E0 /* Frameworks */ = {
			isa = PBXFrameworksBuildPhase;
			buildActionMask = 2147483647;
			files = (
			);
			runOnlyForDeploymentPostprocessing = 0;
		};
		B10C25B125A57037007ED6E0 /* Frameworks */ = {
			isa = PBXFrameworksBuildPhase;
			buildActionMask = 2147483647;
			files = (
			);
			runOnlyForDeploymentPostprocessing = 0;
		};
		B10C25BC25A57037007ED6E0 /* Frameworks */ = {
			isa = PBXFrameworksBuildPhase;
			buildActionMask = 2147483647;
			files = (
			);
			runOnlyForDeploymentPostprocessing = 0;
		};
/* End PBXFrameworksBuildPhase section */

/* Begin PBXGroup section */
		B10C259925A57034007ED6E0 = {
			isa = PBXGroup;
			children = (
				B10C25A425A57034007ED6E0 /* Omni Mouse */,
				B10C25B725A57037007ED6E0 /* Omni MouseTests */,
				B10C25C225A57037007ED6E0 /* Omni MouseUITests */,
				B10C25A325A57034007ED6E0 /* Products */,
			);
			sourceTree = "<group>";
		};
		B10C25A325A57034007ED6E0 /* Products */ = {
			isa = PBXGroup;
			children = (
				B10C25A225A57034007ED6E0 /* Omni Mouse.app */,
				B10C25B425A57037007ED6E0 /* Omni MouseTests.xctest */,
				B10C25BF25A57037007ED6E0 /* Omni MouseUITests.xctest */,
			);
			name = Products;
			sourceTree = "<group>";
		};
		B10C25A425A57034007ED6E0 /* Omni Mouse */ = {
			isa = PBXGroup;
			children = (
				B10C25A525A57034007ED6E0 /* AppDelegate.swift */,
				B10C25A725A57034007ED6E0 /* ViewController.swift */,
				B10C25A925A57037007ED6E0 /* Assets.xcassets */,
				B10C25AB25A57037007ED6E0 /* Main.storyboard */,
				B10C25AE25A57037007ED6E0 /* Info.plist */,
				B10C25AF25A57037007ED6E0 /* Omni_Mouse.entitlements */,
			);
			path = "Omni Mouse";
			sourceTree = "<group>";
		};
		B10C25B725A57037007ED6E0 /* Omni MouseTests */ = {
			isa = PBXGroup;
			children = (
				B10C25B825A57037007ED6E0 /* Omni_MouseTests.swift */,
				B10C25BA25A57037007ED6E0 /* Info.plist */,
			);
			path = "Omni MouseTests";
			sourceTree = "<group>";
		};
		B10C25C225A57037007ED6E0 /* Omni MouseUITests */ = {
			isa = PBXGroup;
			children = (
				B10C25C325A57037007ED6E0 /* Omni_MouseUITests.swift */,
				B10C25C525A57037007ED6E0 /* Info.plist */,
			);
			path = "Omni MouseUITests";
			sourceTree = "<group>";
		};
/* End PBXGroup section */

/* Begin PBXNativeTarget section */
		B10C25A125A57034007ED6E0 /* Omni Mouse */ = {
			isa = PBXNativeTarget;
			buildConfigurationList = B10C25C825A57037007ED6E0 /* Build configuration list for PBXNativeTarget "Omni Mouse" */;
			buildPhases = (
				B10C259E25A57034007ED6E0 /* Sources */,
				B10C259F25A57034007ED6E0 /* Frameworks */,
				B10C25A025A57034007ED6E0 /* Resources */,
			);
			buildRules = (
			);
			dependencies = (
			);
			name = "Omni Mouse";
			productName = "Omni Mouse";
			productReference = B10C25A225A57034007ED6E0 /* Omni Mouse.app */;
			productType = "com.apple.product-type.application";
		};
		B10C25B325A57037007ED6E0 /* Omni MouseTests */ = {
			isa = PBXNativeTarget;
			buildConfigurationList = B10C25CB25A57037007ED6E0 /* Build configuration list for PBXNativeTarget "Omni MouseTests" */;
			buildPhases = (
				B10C25B025A57037007ED6E0 /* Sources */,
				B10C25B125A57037007ED6E0 /* Frameworks */,
				B10C25B225A57037007ED6E0 /* Resources */,
			);
			buildRules = (
			);
			dependencies = (
				B10C25B625A57037007ED6E0 /* PBXTargetDependency */,
			);
			name = "Omni MouseTests";
			productName = "Omni MouseTests";
			productReference = B10C25B425A57037007ED6E0 /* Omni MouseTests.xctest */;
			productType = "com.apple.product-type.bundle.unit-test";
		};
		B10C25BE25A57037007ED6E0 /* Omni MouseUITests */ = {
			isa = PBXNativeTarget;
			buildConfigurationList = B10C25CE25A57037007ED6E0 /* Build configuration list for PBXNativeTarget "Omni MouseUITests" */;
			buildPhases = (
				B10C25BB25A57037007ED6E0 /* Sources */,
				B10C25BC25A57037007ED6E0 /* Frameworks */,
				B10C25BD25A57037007ED6E0 /* Resources */,
			);
			buildRules = (
			);
			dependencies = (
				B10C25C125A57037007ED6E0 /* PBXTargetDependency */,
			);
			name = "Omni MouseUITests";
			productName = "Omni MouseUITests";
			productReference = B10C25BF25A57037007ED6E0 /* Omni MouseUITests.xctest */;
			productType = "com.apple.product-type.bundle.ui-testing";
		};
/* End PBXNativeTarget section */

/* Begin PBXProject section */
		B10C259A25A57034007ED6E0 /* Project object */ = {
			isa = PBXProject;
			attributes = {
				LastSwiftUpdateCheck = 1230;
				LastUpgradeCheck = 1230;
				TargetAttributes = {
					B10C25A125A57034007ED6E0 = {
						CreatedOnToolsVersion = 12.3;
					};
					B10C25B325A57037007ED6E0 = {
						CreatedOnToolsVersion = 12.3;
						TestTargetID = B10C25A125A57034007ED6E0;
					};
					B10C25BE25A57037007ED6E0 = {
						CreatedOnToolsVersion = 12.3;
						TestTargetID = B10C25A125A57034007ED6E0;
					};
				};
			};
			buildConfigurationList = B10C259D25A57034007ED6E0 /* Build configuration list for PBXProject "Omni Mouse" */;
			compatibilityVersion = "Xcode 9.3";
			developmentRegion = en;
			hasScannedForEncodings = 0;
			knownRegions = (
				en,
				Base,
			);
			mainGroup = B10C259925A57034007ED6E0;
			productRefGroup = B10C25A325A57034007ED6E0 /* Products */;
			projectDirPath = "";
			projectRoot = "";
			targets = (
				B10C25A125A57034007ED6E0 /* Omni Mouse */,
				B10C25B325A57037007ED6E0 /* Omni MouseTests */,
				B10C25BE25A57037007ED6E0 /* Omni MouseUITests */,
			);
		};
/* End PBXProject section */

/* Begin PBXResourcesBuildPhase section */
		B10C25A025A57034007ED6E0 /* Resources */ = {
			isa = PBXResourcesBuildPhase;
			buildActionMask = 2147483647;
			files = (
				B10C25AA25A57037007ED6E0 /* Assets.xcassets in Resources */,
				B10C25AD25A57037007ED6E0 /* Main.storyboard in Resources */,
			);
			runOnlyForDeploymentPostprocessing = 0;
		};
		B10C25B225A57037007ED6E0 /* Resources */ = {
			isa = PBXResourcesBuildPhase;
			buildActionMask = 2147483647;
			files = (
			);
			runOnlyForDeploymentPostprocessing = 0;
		};
		B10C25BD25A57037007ED6E0 /* Resources */ = {
			isa = PBXResourcesBuildPhase;
			buildActionMask = 2147483647;
			files = (
			);
			runOnlyForDeploymentPostprocessing = 0;
		};
/* End PBXResourcesBuildPhase section */

/* Begin PBXSourcesBuildPhase section */
		B10C259E25A57034007ED6E0 /* Sources */ = {
			isa = PBXSourcesBuildPhase;
			buildActionMask = 2147483647;
			files = (
				B10C25A825A57034007ED6E0 /* ViewController.swift in Sources */,
				B10C25A625A57034007ED6E0 /* AppDelegate.swift in Sources */,
			);
			runOnlyForDeploymentPostprocessing = 0;
		};
		B10C25B025A57037007ED6E0 /* Sources */ = {
			isa = PBXSourcesBuildPhase;
			buildActionMask = 2147483647;
			files = (
				B10C25B925A57037007ED6E0 /* Omni_MouseTests.swift in Sources */,
			);
			runOnlyForDeploymentPostprocessing = 0;
		};
		B10C25BB25A57037007ED6E0 /* Sources */ = {
			isa = PBXSourcesBuildPhase;
			buildActionMask = 2147483647;
			files = (
				B10C25C425A57037007ED6E0 /* Omni_MouseUITests.swift in Sources */,
			);
			runOnlyForDeploymentPostprocessing = 0;
		};
/* End PBXSourcesBuildPhase section */

/* Begin PBXTargetDependency section */
		B10C25B625A57037007ED6E0 /* PBXTargetDependency */ = {
			isa = PBXTargetDependency;
			target = B10C25A125A57034007ED6E0 /* Omni Mouse */;
			targetProxy = B10C25B525A57037007ED6E0 /* PBXContainerItemProxy */;
		};
		B10C25C125A57037007ED6E0 /* PBXTargetDependency */ = {
			isa = PBXTargetDependency;
			target = B10C25A125A57034007ED6E0 /* Omni Mouse */;
			targetProxy = B10C25C025A57037007ED6E0 /* PBXContainerItemProxy */;
		};
/* End PBXTargetDependency section */

/* Begin PBXVariantGroup section */
		B10C25AB25A57037007ED6E0 /* Main.storyboard */ = {
			isa = PBXVariantGroup;
			children = (
				B10C25AC25A57037007ED6E0 /* Base */,
			);
			name = Main.storyboard;
			sourceTree = "<group>";
		};
/* End PBXVariantGroup section */

/* Begin XCBuildConfiguration section */
		B10C25C625A57037007ED6E0 /* Debug */ = {
			isa = XCBuildConfiguration;
			buildSettings = {
				ALWAYS_SEARCH_USER_PATHS = NO;
				CLANG_ANALYZER_NONNULL = YES;
				CLANG_ANALYZER_NUMBER_OBJECT_CONVERSION = YES_AGGRESSIVE;
				CLANG_CXX_LANGUAGE_STANDARD = "gnu++14";
				CLANG_CXX_LIBRARY = "libc++";
				CLANG_ENABLE_MODULES = YES;
				CLANG_ENABLE_OBJC_ARC = YES;
				CLANG_ENABLE_OBJC_WEAK = YES;
				CLANG_WARN_BLOCK_CAPTURE_AUTORELEASING = YES;
				CLANG_WARN_BOOL_CONVERSION = YES;
				CLANG_WARN_COMMA = YES;
				CLANG_WARN_CONSTANT_CONVERSION = YES;
				CLANG_WARN_DEPRECATED_OBJC_IMPLEMENTATIONS = YES;
				CLANG_WARN_DIRECT_OBJC_ISA_USAGE = YES_ERROR;
				CLANG_WARN_DOCUMENTATION_COMMENTS = YES;
				CLANG_WARN_EMPTY_BODY = YES;
				CLANG_WARN_ENUM_CONVERSION = YES;
				CLANG_WARN_INFINITE_RECURSION = YES;
				CLANG_WARN_INT_CONVERSION = YES;
				CLANG_WARN_NON_LITERAL_NULL_CONVERSION = YES;
				CLANG_WARN_OBJC_IMPLICIT_RETAIN_SELF = YES;
				CLANG_WARN_OBJC_LITERAL_CONVERSION = YES;
				CLANG_WARN_OBJC_ROOT_CLASS = YES_ERROR;
				CLANG_WARN_QUOTED_INCLUDE_IN_FRAMEWORK_HEADER = YES;
				CLANG_WARN_RANGE_LOOP_ANALYSIS = YES;
				CLANG_WARN_STRICT_PROTOTYPES = YES;
				CLANG_WARN_SUSPICIOUS_MOVE = YES;
				CLANG_WARN_UNGUARDED_AVAILABILITY = YES_AGGRESSIVE;
				CLANG_WARN_UNREACHABLE_CODE = YES;
				CLANG_WARN__DUPLICATE_METHOD_MATCH = YES;
				COPY_PHASE_STRIP = NO;
				DEBUG_INFORMATION_FORMAT = dwarf;
				ENABLE_STRICT_OBJC_MSGSEND = YES;
				ENABLE_TESTABILITY = YES;
				GCC_C_LANGUAGE_STANDARD = gnu11;
				GCC_DYNAMIC_NO_PIC = NO;
				GCC_NO_COMMON_BLOCKS = YES;
				GCC_OPTIMIZATION_LEVEL = 0;
				GCC_PREPROCESSOR_DEFINITIONS = (
					"DEBUG=1",
					"$(inherited)",
				);
				GCC_WARN_64_TO_32_BIT_CONVERSION = YES;
				GCC_WARN_ABOUT_RETURN_TYPE = YES_ERROR;
				GCC_WARN_UNDECLARED_SELECTOR = YES;
				GCC_WARN_UNINITIALIZED_AUTOS = YES_AGGRESSIVE;
				GCC_WARN_UNUSED_FUNCTION = YES;
				GCC_WARN_UNUSED_VARIABLE = YES;
				MACOSX_DEPLOYMENT_TARGET = 11.1;
				MTL_ENABLE_DEBUG_INFO = INCLUDE_SOURCE;
				MTL_FAST_MATH = YES;
				ONLY_ACTIVE_ARCH = YES;
				SDKROOT = macosx;
				SWIFT_ACTIVE_COMPILATION_CONDITIONS = DEBUG;
				SWIFT_OPTIMIZATION_LEVEL = "-Onone";
			};
			name = Debug;
		};
		B10C25C725A57037007ED6E0 /* Release */ = {
			isa = XCBuildConfiguration;
			buildSettings = {
				ALWAYS_SEARCH_USER_PATHS = NO;
				CLANG_ANALYZER_NONNULL = YES;
				CLANG_ANALYZER_NUMBER_OBJECT_CONVERSION = YES_AGGRESSIVE;
				CLANG_CXX_LANGUAGE_STANDARD = "gnu++14";
				CLANG_CXX_LIBRARY = "libc++";
				CLANG_ENABLE_MODULES = YES;
				CLANG_ENABLE_OBJC_ARC = YES;
				CLANG_ENABLE_OBJC_WEAK = YES;
				CLANG_WARN_BLOCK_CAPTURE_AUTORELEASING = YES;
				CLANG_WARN_BOOL_CONVERSION = YES;
				CLANG_WARN_COMMA = YES;
				CLANG_WARN_CONSTANT_CONVERSION = YES;
				CLANG_WARN_DEPRECATED_OBJC_IMPLEMENTATIONS = YES;
				CLANG_WARN_DIRECT_OBJC_ISA_USAGE = YES_ERROR;
				CLANG_WARN_DOCUMENTATION_COMMENTS = YES;
				CLANG_WARN_EMPTY_BODY = YES;
				CLANG_WARN_ENUM_CONVERSION = YES;
				CLANG_WARN_INFINITE_RECURSION = YES;
				CLANG_WARN_INT_CONVERSION = YES;
				CLANG_WARN_NON_LITERAL_NULL_CONVERSION = YES;
				CLANG_WARN_OBJC_IMPLICIT_RETAIN_SELF = YES;
				CLANG_WARN_OBJC_LITERAL_CONVERSION = YES;
				CLANG_WARN_OBJC_ROOT_CLASS = YES_ERROR;
				CLANG_WARN_QUOTED_INCLUDE_IN_FRAMEWORK_HEADER = YES;
				CLANG_WARN_RANGE_LOOP_ANALYSIS = YES;
				CLANG_WARN_STRICT_PROTOTYPES = YES;
				CLANG_WARN_SUSPICIOUS_MOVE = YES;
				CLANG_WARN_UNGUARDED_AVAILABILITY = YES_AGGRESSIVE;
				CLANG_WARN_UNREACHABLE_CODE = YES;
				CLANG_WARN__DUPLICATE_METHOD_MATCH = YES;
				COPY_PHASE_STRIP = NO;
				DEBUG_INFORMATION_FORMAT = "dwarf-with-dsym";
				ENABLE_NS_ASSERTIONS = NO;
				ENABLE_STRICT_OBJC_MSGSEND = YES;
				GCC_C_LANGUAGE_STANDARD = gnu11;
				GCC_NO_COMMON_BLOCKS = YES;
				GCC_WARN_64_TO_32_BIT_CONVERSION = YES;
				GCC_WARN_ABOUT_RETURN_TYPE = YES_ERROR;
				GCC_WARN_UNDECLARED_SELECTOR = YES;
				GCC_WARN_UNINITIALIZED_AUTOS = YES_AGGRESSIVE;
				GCC_WARN_UNUSED_FUNCTION = YES;
				GCC_WARN_UNUSED_VARIABLE = YES;
				MACOSX_DEPLOYMENT_TARGET = 11.1;
				MTL_ENABLE_DEBUG_INFO = NO;
				MTL_FAST_MATH = YES;
				SDKROOT = macosx;
				SWIFT_COMPILATION_MODE = wholemodule;
				SWIFT_OPTIMIZATION_LEVEL = "-O";
			};
			name = Release;
		};
		B10C25C925A57037007ED6E0 /* Debug */ = {
			isa = XCBuildConfiguration;
			buildSettings = {
				ASSETCATALOG_COMPILER_APPICON_NAME = AppIcon;
				ASSETCATALOG_COMPILER_GLOBAL_ACCENT_COLOR_NAME = AccentColor;
				CODE_SIGN_ENTITLEMENTS = "Omni Mouse/Omni_Mouse.entitlements";
				CODE_SIGN_STYLE = Automatic;
				COMBINE_HIDPI_IMAGES = YES;
				INFOPLIST_FILE = "Omni Mouse/Info.plist";
				LD_RUNPATH_SEARCH_PATHS = (
					"$(inherited)",
					"@executable_path/../Frameworks",
				);
				PRODUCT_BUNDLE_IDENTIFIER = "Omni-Technologies.Omni-Mouse";
				PRODUCT_NAME = "$(TARGET_NAME)";
				SWIFT_VERSION = 5.0;
			};
			name = Debug;
		};
		B10C25CA25A57037007ED6E0 /* Release */ = {
			isa = XCBuildConfiguration;
			buildSettings = {
				ASSETCATALOG_COMPILER_APPICON_NAME = AppIcon;
				ASSETCATALOG_COMPILER_GLOBAL_ACCENT_COLOR_NAME = AccentColor;
				CODE_SIGN_ENTITLEMENTS = "Omni Mouse/Omni_Mouse.entitlements";
				CODE_SIGN_STYLE = Automatic;
				COMBINE_HIDPI_IMAGES = YES;
				INFOPLIST_FILE = "Omni Mouse/Info.plist";
				LD_RUNPATH_SEARCH_PATHS = (
					"$(inherited)",
					"@executable_path/../Frameworks",
				);
				PRODUCT_BUNDLE_IDENTIFIER = "Omni-Technologies.Omni-Mouse";
				PRODUCT_NAME = "$(TARGET_NAME)";
				SWIFT_VERSION = 5.0;
			};
			name = Release;
		};
		B10C25CC25A57037007ED6E0 /* Debug */ = {
			isa = XCBuildConfiguration;
			buildSettings = {
				ALWAYS_EMBED_SWIFT_STANDARD_LIBRARIES = YES;
				BUNDLE_LOADER = "$(TEST_HOST)";
				CODE_SIGN_STYLE = Automatic;
				COMBINE_HIDPI_IMAGES = YES;
				INFOPLIST_FILE = "Omni MouseTests/Info.plist";
				LD_RUNPATH_SEARCH_PATHS = (
					"$(inherited)",
					"@executable_path/../Frameworks",
					"@loader_path/../Frameworks",
				);
				MACOSX_DEPLOYMENT_TARGET = 11.1;
				PRODUCT_BUNDLE_IDENTIFIER = "Omni-Technologies.Omni-MouseTests";
				PRODUCT_NAME = "$(TARGET_NAME)";
				SWIFT_VERSION = 5.0;
				TEST_HOST = "$(BUILT_PRODUCTS_DIR)/Omni Mouse.app/Contents/MacOS/Omni Mouse";
			};
			name = Debug;
		};
		B10C25CD25A57037007ED6E0 /* Release */ = {
			isa = XCBuildConfiguration;
			buildSettings = {
				ALWAYS_EMBED_SWIFT_STANDARD_LIBRARIES = YES;
				BUNDLE_LOADER = "$(TEST_HOST)";
				CODE_SIGN_STYLE = Automatic;
				COMBINE_HIDPI_IMAGES = YES;
				INFOPLIST_FILE = "Omni MouseTests/Info.plist";
				LD_RUNPATH_SEARCH_PATHS = (
					"$(inherited)",
					"@executable_path/../Frameworks",
					"@loader_path/../Frameworks",
				);
				MACOSX_DEPLOYMENT_TARGET = 11.1;
				PRODUCT_BUNDLE_IDENTIFIER = "Omni-Technologies.Omni-MouseTests";
				PRODUCT_NAME = "$(TARGET_NAME)";
				SWIFT_VERSION = 5.0;
				TEST_HOST = "$(BUILT_PRODUCTS_DIR)/Omni Mouse.app/Contents/MacOS/Omni Mouse";
			};
			name = Release;
		};
		B10C25CF25A57037007ED6E0 /* Debug */ = {
			isa = XCBuildConfiguration;
			buildSettings = {
				ALWAYS_EMBED_SWIFT_STANDARD_LIBRARIES = YES;
				CODE_SIGN_STYLE = Automatic;
				COMBINE_HIDPI_IMAGES = YES;
				INFOPLIST_FILE = "Omni MouseUITests/Info.plist";
				LD_RUNPATH_SEARCH_PATHS = (
					"$(inherited)",
					"@executable_path/../Frameworks",
					"@loader_path/../Frameworks",
				);
				PRODUCT_BUNDLE_IDENTIFIER = "Omni-Technologies.Omni-MouseUITests";
				PRODUCT_NAME = "$(TARGET_NAME)";
				SWIFT_VERSION = 5.0;
				TEST_TARGET_NAME = "Omni Mouse";
			};
			name = Debug;
		};
		B10C25D025A57037007ED6E0 /* Release */ = {
			isa = XCBuildConfiguration;
			buildSettings = {
				ALWAYS_EMBED_SWIFT_STANDARD_LIBRARIES = YES;
				CODE_SIGN_STYLE = Automatic;
				COMBINE_HIDPI_IMAGES = YES;
				INFOPLIST_FILE = "Omni MouseUITests/Info.plist";
				LD_RUNPATH_SEARCH_PATHS = (
					"$(inherited)",
					"@executable_path/../Frameworks",
					"@loader_path/../Frameworks",
				);
				PRODUCT_BUNDLE_IDENTIFIER = "Omni-Technologies.Omni-MouseUITests";
				PRODUCT_NAME = "$(TARGET_NAME)";
				SWIFT_VERSION = 5.0;
				TEST_TARGET_NAME = "Omni Mouse";
			};
			name = Release;
		};
/* End XCBuildConfiguration section */

/* Begin XCConfigurationList section */
		B10C259D25A57034007ED6E0 /* Build configuration list for PBXProject "Omni Mouse" */ = {
			isa = XCConfigurationList;
			buildConfigurations = (
				B10C25C625A57037007ED6E0 /* Debug */,
				B10C25C725A57037007ED6E0 /* Release */,
			);
			defaultConfigurationIsVisible = 0;
			defaultConfigurationName = Release;
		};
		B10C25C825A57037007ED6E0 /* Build configuration list for PBXNativeTarget "Omni Mouse" */ = {
			isa = XCConfigurationList;
			buildConfigurations = (
				B10C25C925A57037007ED6E0 /* Debug */,
				B10C25CA25A57037007ED6E0 /* Release */,
			);
			defaultConfigurationIsVisible = 0;
			defaultConfigurationName = Release;
		};
		B10C25CB25A57037007ED6E0 /* Build configuration list for PBXNativeTarget "Omni MouseTests" */ = {
			isa = XCConfigurationList;
			buildConfigurations = (
				B10C25CC25A57037007ED6E0 /* Debug */,
				B10C25CD25A57037007ED6E0 /* Release */,
			);
			defaultConfigurationIsVisible = 0;
			defaultConfigurationName = Release;
		};
		B10C25CE25A57037007ED6E0 /* Build configuration list for PBXNativeTarget "Omni MouseUITests" */ = {
			isa = XCConfigurationList;
			buildConfigurations = (
				B10C25CF25A57037007ED6E0 /* Debug */,
				B10C25D025A57037007ED6E0 /* Release */,
			);
			defaultConfigurationIsVisible = 0;
			defaultConfigurationName = Release;
		};
/* End XCConfigurationList section */
	};
	rootObject = B10C259A25A57034007ED6E0 /* Project object */;
}
